// !$*UTF8*$!
{
	archiveVersion = 1;
	classes = {
	};
	objectVersion = 56;
	objects = {

/* Begin PBXBuildFile section */
		86E8E93F2B20613300413892 /* converterSwiftUIApp.swift in Sources */ = {isa = PBXBuildFile; fileRef = 86E8E93E2B20613300413892 /* converterSwiftUIApp.swift */; };
		86E8E9412B20613300413892 /* ContentView.swift in Sources */ = {isa = PBXBuildFile; fileRef = 86E8E9402B20613300413892 /* ContentView.swift */; };
		86E8E9432B20613500413892 /* Assets.xcassets in Resources */ = {isa = PBXBuildFile; fileRef = 86E8E9422B20613500413892 /* Assets.xcassets */; };
		86E8E9462B20613500413892 /* Preview Assets.xcassets in Resources */ = {isa = PBXBuildFile; fileRef = 86E8E9452B20613500413892 /* Preview Assets.xcassets */; };
		86E8E94D2B20623500413892 /* CurrencyConverterView.swift in Sources */ = {isa = PBXBuildFile; fileRef = 86E8E94C2B20623500413892 /* CurrencyConverterView.swift */; };
		86E8E94F2B20682A00413892 /* CurrencyRowView.swift in Sources */ = {isa = PBXBuildFile; fileRef = 86E8E94E2B20682A00413892 /* CurrencyRowView.swift */; };
		86E8E9512B2068DB00413892 /* CurrencyRowViewUIKit.swift in Sources */ = {isa = PBXBuildFile; fileRef = 86E8E9502B2068DB00413892 /* CurrencyRowViewUIKit.swift */; };
		86E8E9532B206F3F00413892 /* CurrencyConverterView2.swift in Sources */ = {isa = PBXBuildFile; fileRef = 86E8E9522B206F3F00413892 /* CurrencyConverterView2.swift */; };
		86E8E9552B20760600413892 /* CurrencyRowViewUIKitWrapper.swift in Sources */ = {isa = PBXBuildFile; fileRef = 86E8E9542B20760600413892 /* CurrencyRowViewUIKitWrapper.swift */; };
/* End PBXBuildFile section */

/* Begin PBXFileReference section */
		86E8E93B2B20613300413892 /* converterSwiftUI.app */ = {isa = PBXFileReference; explicitFileType = wrapper.application; includeInIndex = 0; path = converterSwiftUI.app; sourceTree = BUILT_PRODUCTS_DIR; };
		86E8E93E2B20613300413892 /* converterSwiftUIApp.swift */ = {isa = PBXFileReference; lastKnownFileType = sourcecode.swift; path = converterSwiftUIApp.swift; sourceTree = "<group>"; };
		86E8E9402B20613300413892 /* ContentView.swift */ = {isa = PBXFileReference; lastKnownFileType = sourcecode.swift; path = ContentView.swift; sourceTree = "<group>"; };
		86E8E9422B20613500413892 /* Assets.xcassets */ = {isa = PBXFileReference; lastKnownFileType = folder.assetcatalog; path = Assets.xcassets; sourceTree = "<group>"; };
		86E8E9452B20613500413892 /* Preview Assets.xcassets */ = {isa = PBXFileReference; lastKnownFileType = folder.assetcatalog; path = "Preview Assets.xcassets"; sourceTree = "<group>"; };
		86E8E94C2B20623500413892 /* CurrencyConverterView.swift */ = {isa = PBXFileReference; lastKnownFileType = sourcecode.swift; path = CurrencyConverterView.swift; sourceTree = "<group>"; };
		86E8E94E2B20682A00413892 /* CurrencyRowView.swift */ = {isa = PBXFileReference; lastKnownFileType = sourcecode.swift; path = CurrencyRowView.swift; sourceTree = "<group>"; };
		86E8E9502B2068DB00413892 /* CurrencyRowViewUIKit.swift */ = {isa = PBXFileReference; lastKnownFileType = sourcecode.swift; path = CurrencyRowViewUIKit.swift; sourceTree = "<group>"; };
		86E8E9522B206F3F00413892 /* CurrencyConverterView2.swift */ = {isa = PBXFileReference; lastKnownFileType = sourcecode.swift; path = CurrencyConverterView2.swift; sourceTree = "<group>"; };
		86E8E9542B20760600413892 /* CurrencyRowViewUIKitWrapper.swift */ = {isa = PBXFileReference; lastKnownFileType = sourcecode.swift; path = CurrencyRowViewUIKitWrapper.swift; sourceTree = "<group>"; };
/* End PBXFileReference section */

/* Begin PBXFrameworksBuildPhase section */
		86E8E9382B20613300413892 /* Frameworks */ = {
			isa = PBXFrameworksBuildPhase;
			buildActionMask = 2147483647;
			files = (
			);
			runOnlyForDeploymentPostprocessing = 0;
		};
/* End PBXFrameworksBuildPhase section */

/* Begin PBXGroup section */
		86E8E9322B20613300413892 = {
			isa = PBXGroup;
			children = (
				86E8E93D2B20613300413892 /* converterSwiftUI */,
				86E8E93C2B20613300413892 /* Products */,
			);
			sourceTree = "<group>";
		};
		86E8E93C2B20613300413892 /* Products */ = {
			isa = PBXGroup;
			children = (
				86E8E93B2B20613300413892 /* converterSwiftUI.app */,
			);
			name = Products;
			sourceTree = "<group>";
		};
		86E8E93D2B20613300413892 /* converterSwiftUI */ = {
			isa = PBXGroup;
			children = (
				86E8E93E2B20613300413892 /* converterSwiftUIApp.swift */,
				86E8E9402B20613300413892 /* ContentView.swift */,
				86E8E9422B20613500413892 /* Assets.xcassets */,
				86E8E9442B20613500413892 /* Preview Content */,
				86E8E94C2B20623500413892 /* CurrencyConverterView.swift */,
				86E8E94E2B20682A00413892 /* CurrencyRowView.swift */,
				86E8E9502B2068DB00413892 /* CurrencyRowViewUIKit.swift */,
				86E8E9522B206F3F00413892 /* CurrencyConverterView2.swift */,
				86E8E9542B20760600413892 /* CurrencyRowViewUIKitWrapper.swift */,
			);
			path = converterSwiftUI;
			sourceTree = "<group>";
		};
		86E8E9442B20613500413892 /* Preview Content */ = {
			isa = PBXGroup;
			children = (
				86E8E9452B20613500413892 /* Preview Assets.xcassets */,
			);
			path = "Preview Content";
			sourceTree = "<group>";
		};
/* End PBXGroup section */

/* Begin PBXNativeTarget section */
		86E8E93A2B20613300413892 /* converterSwiftUI */ = {
			isa = PBXNativeTarget;
			buildConfigurationList = 86E8E9492B20613500413892 /* Build configuration list for PBXNativeTarget "converterSwiftUI" */;
			buildPhases = (
				86E8E9372B20613300413892 /* Sources */,
				86E8E9382B20613300413892 /* Frameworks */,
				86E8E9392B20613300413892 /* Resources */,
			);
			buildRules = (
			);
			dependencies = (
			);
			name = converterSwiftUI;
			productName = converterSwiftUI;
			productReference = 86E8E93B2B20613300413892 /* converterSwiftUI.app */;
			productType = "com.apple.product-type.application";
		};
/* End PBXNativeTarget section */

/* Begin PBXProject section */
		86E8E9332B20613300413892 /* Project object */ = {
			isa = PBXProject;
			attributes = {
				BuildIndependentTargetsInParallel = 1;
				LastSwiftUpdateCheck = 1420;
				LastUpgradeCheck = 1420;
				TargetAttributes = {
					86E8E93A2B20613300413892 = {
						CreatedOnToolsVersion = 14.2;
					};
				};
			};
			buildConfigurationList = 86E8E9362B20613300413892 /* Build configuration list for PBXProject "converterSwiftUI" */;
			compatibilityVersion = "Xcode 14.0";
			developmentRegion = en;
			hasScannedForEncodings = 0;
			knownRegions = (
				en,
				Base,
			);
			mainGroup = 86E8E9322B20613300413892;
			productRefGroup = 86E8E93C2B20613300413892 /* Products */;
			projectDirPath = "";
			projectRoot = "";
			targets = (
				86E8E93A2B20613300413892 /* converterSwiftUI */,
			);
		};
/* End PBXProject section */

/* Begin PBXResourcesBuildPhase section */
		86E8E9392B20613300413892 /* Resources */ = {
			isa = PBXResourcesBuildPhase;
			buildActionMask = 2147483647;
			files = (
				86E8E9462B20613500413892 /* Preview Assets.xcassets in Resources */,
				86E8E9432B20613500413892 /* Assets.xcassets in Resources */,
			);
			runOnlyForDeploymentPostprocessing = 0;
		};
/* End PBXResourcesBuildPhase section */

/* Begin PBXSourcesBuildPhase section */
		86E8E9372B20613300413892 /* Sources */ = {
			isa = PBXSourcesBuildPhase;
			buildActionMask = 2147483647;
			files = (
				86E8E9412B20613300413892 /* ContentView.swift in Sources */,
				86E8E94D2B20623500413892 /* CurrencyConverterView.swift in Sources */,
				86E8E94F2B20682A00413892 /* CurrencyRowView.swift in Sources */,
				86E8E9532B206F3F00413892 /* CurrencyConverterView2.swift in Sources */,
				86E8E9552B20760600413892 /* CurrencyRowViewUIKitWrapper.swift in Sources */,
				86E8E93F2B20613300413892 /* converterSwiftUIApp.swift in Sources */,
				86E8E9512B2068DB00413892 /* CurrencyRowViewUIKit.swift in Sources */,
			);
			runOnlyForDeploymentPostprocessing = 0;
		};
/* End PBXSourcesBuildPhase section */

/* Begin XCBuildConfiguration section */
		86E8E9472B20613500413892 /* Debug */ = {
			isa = XCBuildConfiguration;
			buildSettings = {
				ALWAYS_SEARCH_USER_PATHS = NO;
				CLANG_ANALYZER_NONNULL = YES;
				CLANG_ANALYZER_NUMBER_OBJECT_CONVERSION = YES_AGGRESSIVE;
				CLANG_CXX_LANGUAGE_STANDARD = "gnu++20";
				CLANG_ENABLE_MODULES = YES;
				CLANG_ENABLE_OBJC_ARC = YES;
				CLANG_ENABLE_OBJC_WEAK = YES;
				CLANG_WARN_BLOCK_CAPTURE_AUTORELEASING = YES;
				CLANG_WARN_BOOL_CONVERSION = YES;
				CLANG_WARN_COMMA = YES;
				CLANG_WARN_CONSTANT_CONVERSION = YES;
				CLANG_WARN_DEPRECATED_OBJC_IMPLEMENTATIONS = YES;
				CLANG_WARN_DIRECT_OBJC_ISA_USAGE = YES_ERROR;
				CLANG_WARN_DOCUMENTATION_COMMENTS = YES;
				CLANG_WARN_EMPTY_BODY = YES;
				CLANG_WARN_ENUM_CONVERSION = YES;
				CLANG_WARN_INFINITE_RECURSION = YES;
				CLANG_WARN_INT_CONVERSION = YES;
				CLANG_WARN_NON_LITERAL_NULL_CONVERSION = YES;
				CLANG_WARN_OBJC_IMPLICIT_RETAIN_SELF = YES;
				CLANG_WARN_OBJC_LITERAL_CONVERSION = YES;
				CLANG_WARN_OBJC_ROOT_CLASS = YES_ERROR;
				CLANG_WARN_QUOTED_INCLUDE_IN_FRAMEWORK_HEADER = YES;
				CLANG_WARN_RANGE_LOOP_ANALYSIS = YES;
				CLANG_WARN_STRICT_PROTOTYPES = YES;
				CLANG_WARN_SUSPICIOUS_MOVE = YES;
				CLANG_WARN_UNGUARDED_AVAILABILITY = YES_AGGRESSIVE;
				CLANG_WARN_UNREACHABLE_CODE = YES;
				CLANG_WARN__DUPLICATE_METHOD_MATCH = YES;
				COPY_PHASE_STRIP = NO;
				DEBUG_INFORMATION_FORMAT = dwarf;
				ENABLE_STRICT_OBJC_MSGSEND = YES;
				ENABLE_TESTABILITY = YES;
				GCC_C_LANGUAGE_STANDARD = gnu11;
				GCC_DYNAMIC_NO_PIC = NO;
				GCC_NO_COMMON_BLOCKS = YES;
				GCC_OPTIMIZATION_LEVEL = 0;
				GCC_PREPROCESSOR_DEFINITIONS = (
					"DEBUG=1",
					"$(inherited)",
				);
				GCC_WARN_64_TO_32_BIT_CONVERSION = YES;
				GCC_WARN_ABOUT_RETURN_TYPE = YES_ERROR;
				GCC_WARN_UNDECLARED_SELECTOR = YES;
				GCC_WARN_UNINITIALIZED_AUTOS = YES_AGGRESSIVE;
				GCC_WARN_UNUSED_FUNCTION = YES;
				GCC_WARN_UNUSED_VARIABLE = YES;
				IPHONEOS_DEPLOYMENT_TARGET = 16.2;
				MTL_ENABLE_DEBUG_INFO = INCLUDE_SOURCE;
				MTL_FAST_MATH = YES;
				ONLY_ACTIVE_ARCH = YES;
				SDKROOT = iphoneos;
				SWIFT_ACTIVE_COMPILATION_CONDITIONS = DEBUG;
				SWIFT_OPTIMIZATION_LEVEL = "-Onone";
			};
			name = Debug;
		};
		86E8E9482B20613500413892 /* Release */ = {
			isa = XCBuildConfiguration;
			buildSettings = {
				ALWAYS_SEARCH_USER_PATHS = NO;
				CLANG_ANALYZER_NONNULL = YES;
				CLANG_ANALYZER_NUMBER_OBJECT_CONVERSION = YES_AGGRESSIVE;
				CLANG_CXX_LANGUAGE_STANDARD = "gnu++20";
				CLANG_ENABLE_MODULES = YES;
				CLANG_ENABLE_OBJC_ARC = YES;
				CLANG_ENABLE_OBJC_WEAK = YES;
				CLANG_WARN_BLOCK_CAPTURE_AUTORELEASING = YES;
				CLANG_WARN_BOOL_CONVERSION = YES;
				CLANG_WARN_COMMA = YES;
				CLANG_WARN_CONSTANT_CONVERSION = YES;
				CLANG_WARN_DEPRECATED_OBJC_IMPLEMENTATIONS = YES;
				CLANG_WARN_DIRECT_OBJC_ISA_USAGE = YES_ERROR;
				CLANG_WARN_DOCUMENTATION_COMMENTS = YES;
				CLANG_WARN_EMPTY_BODY = YES;
				CLANG_WARN_ENUM_CONVERSION = YES;
				CLANG_WARN_INFINITE_RECURSION = YES;
				CLANG_WARN_INT_CONVERSION = YES;
				CLANG_WARN_NON_LITERAL_NULL_CONVERSION = YES;
				CLANG_WARN_OBJC_IMPLICIT_RETAIN_SELF = YES;
				CLANG_WARN_OBJC_LITERAL_CONVERSION = YES;
				CLANG_WARN_OBJC_ROOT_CLASS = YES_ERROR;
				CLANG_WARN_QUOTED_INCLUDE_IN_FRAMEWORK_HEADER = YES;
				CLANG_WARN_RANGE_LOOP_ANALYSIS = YES;
				CLANG_WARN_STRICT_PROTOTYPES = YES;
				CLANG_WARN_SUSPICIOUS_MOVE = YES;
				CLANG_WARN_UNGUARDED_AVAILABILITY = YES_AGGRESSIVE;
				CLANG_WARN_UNREACHABLE_CODE = YES;
				CLANG_WARN__DUPLICATE_METHOD_MATCH = YES;
				COPY_PHASE_STRIP = NO;
				DEBUG_INFORMATION_FORMAT = "dwarf-with-dsym";
				ENABLE_NS_ASSERTIONS = NO;
				ENABLE_STRICT_OBJC_MSGSEND = YES;
				GCC_C_LANGUAGE_STANDARD = gnu11;
				GCC_NO_COMMON_BLOCKS = YES;
				GCC_WARN_64_TO_32_BIT_CONVERSION = YES;
				GCC_WARN_ABOUT_RETURN_TYPE = YES_ERROR;
				GCC_WARN_UNDECLARED_SELECTOR = YES;
				GCC_WARN_UNINITIALIZED_AUTOS = YES_AGGRESSIVE;
				GCC_WARN_UNUSED_FUNCTION = YES;
				GCC_WARN_UNUSED_VARIABLE = YES;
				IPHONEOS_DEPLOYMENT_TARGET = 16.2;
				MTL_ENABLE_DEBUG_INFO = NO;
				MTL_FAST_MATH = YES;
				SDKROOT = iphoneos;
				SWIFT_COMPILATION_MODE = wholemodule;
				SWIFT_OPTIMIZATION_LEVEL = "-O";
				VALIDATE_PRODUCT = YES;
			};
			name = Release;
		};
		86E8E94A2B20613500413892 /* Debug */ = {
			isa = XCBuildConfiguration;
			buildSettings = {
				ASSETCATALOG_COMPILER_APPICON_NAME = AppIcon;
				ASSETCATALOG_COMPILER_GLOBAL_ACCENT_COLOR_NAME = AccentColor;
				CODE_SIGN_STYLE = Automatic;
				CURRENT_PROJECT_VERSION = 1;
				DEVELOPMENT_ASSET_PATHS = "\"converterSwiftUI/Preview Content\"";
				ENABLE_PREVIEWS = YES;
				GENERATE_INFOPLIST_FILE = YES;
				INFOPLIST_KEY_UIApplicationSceneManifest_Generation = YES;
				INFOPLIST_KEY_UIApplicationSupportsIndirectInputEvents = YES;
				INFOPLIST_KEY_UILaunchScreen_Generation = YES;
				INFOPLIST_KEY_UISupportedInterfaceOrientations_iPad = "UIInterfaceOrientationPortrait UIInterfaceOrientationPortraitUpsideDown UIInterfaceOrientationLandscapeLeft UIInterfaceOrientationLandscapeRight";
				INFOPLIST_KEY_UISupportedInterfaceOrientations_iPhone = "UIInterfaceOrientationPortrait UIInterfaceOrientationLandscapeLeft UIInterfaceOrientationLandscapeRight";
				LD_RUNPATH_SEARCH_PATHS = (
					"$(inherited)",
					"@executable_path/Frameworks",
				);
				MARKETING_VERSION = 1.0;
				PRODUCT_BUNDLE_IDENTIFIER = com.example.converterSwiftUI;
				PRODUCT_NAME = "$(TARGET_NAME)";
				SWIFT_EMIT_LOC_STRINGS = YES;
				SWIFT_VERSION = 5.0;
				TARGETED_DEVICE_FAMILY = "1,2";
			};
			name = Debug;
		};
		86E8E94B2B20613500413892 /* Release */ = {
			isa = XCBuildConfiguration;
			buildSettings = {
				ASSETCATALOG_COMPILER_APPICON_NAME = AppIcon;
				ASSETCATALOG_COMPILER_GLOBAL_ACCENT_COLOR_NAME = AccentColor;
				CODE_SIGN_STYLE = Automatic;
				CURRENT_PROJECT_VERSION = 1;
				DEVELOPMENT_ASSET_PATHS = "\"converterSwiftUI/Preview Content\"";
				ENABLE_PREVIEWS = YES;
				GENERATE_INFOPLIST_FILE = YES;
				INFOPLIST_KEY_UIApplicationSceneManifest_Generation = YES;
				INFOPLIST_KEY_UIApplicationSupportsIndirectInputEvents = YES;
				INFOPLIST_KEY_UILaunchScreen_Generation = YES;
				INFOPLIST_KEY_UISupportedInterfaceOrientations_iPad = "UIInterfaceOrientationPortrait UIInterfaceOrientationPortraitUpsideDown UIInterfaceOrientationLandscapeLeft UIInterfaceOrientationLandscapeRight";
				INFOPLIST_KEY_UISupportedInterfaceOrientations_iPhone = "UIInterfaceOrientationPortrait UIInterfaceOrientationLandscapeLeft UIInterfaceOrientationLandscapeRight";
				LD_RUNPATH_SEARCH_PATHS = (
					"$(inherited)",
					"@executable_path/Frameworks",
				);
				MARKETING_VERSION = 1.0;
				PRODUCT_BUNDLE_IDENTIFIER = com.example.converterSwiftUI;
				PRODUCT_NAME = "$(TARGET_NAME)";
				SWIFT_EMIT_LOC_STRINGS = YES;
				SWIFT_VERSION = 5.0;
				TARGETED_DEVICE_FAMILY = "1,2";
			};
			name = Release;
		};
/* End XCBuildConfiguration section */

/* Begin XCConfigurationList section */
		86E8E9362B20613300413892 /* Build configuration list for PBXProject "converterSwiftUI" */ = {
			isa = XCConfigurationList;
			buildConfigurations = (
				86E8E9472B20613500413892 /* Debug */,
				86E8E9482B20613500413892 /* Release */,
			);
			defaultConfigurationIsVisible = 0;
			defaultConfigurationName = Release;
		};
		86E8E9492B20613500413892 /* Build configuration list for PBXNativeTarget "converterSwiftUI" */ = {
			isa = XCConfigurationList;
			buildConfigurations = (
				86E8E94A2B20613500413892 /* Debug */,
				86E8E94B2B20613500413892 /* Release */,
			);
			defaultConfigurationIsVisible = 0;
			defaultConfigurationName = Release;
		};
/* End XCConfigurationList section */
	};
	rootObject = 86E8E9332B20613300413892 /* Project object */;
}
